
Microsoft Visual Studio Solution File, Format Version 12.00
# Visual Studio Version 17
VisualStudioVersion = 17.8.34322.80
MinimumVisualStudioVersion = 10.0.40219.1
Project("{FAE04EC0-301F-11D3-BF4B-00C04F79EFBC}") = "Adin", "Adin\Adin.csproj", "{046B5073-0C27-4556-8C7F-2AAC13879988}"
EndProject
Global
	GlobalSection(SolutionConfigurationPlatforms) = preSolution
		Debug|Any CPU = Debug|Any CPU
		Release|Any CPU = Release|Any CPU
	EndGlobalSection
	GlobalSection(ProjectConfigurationPlatforms) = postSolution
		{046B5073-0C27-4556-8C7F-2AAC13879988}.Debug|Any CPU.ActiveCfg = Debug|Any CPU
		{046B5073-0C27-4556-8C7F-2AAC13879988}.Debug|Any CPU.Build.0 = Debug|Any CPU
		{046B5073-0C27-4556-8C7F-2AAC13879988}.Release|Any CPU.ActiveCfg = Release|Any CPU
		{046B5073-0C27-4556-8C7F-2AAC13879988}.Release|Any CPU.Build.0 = Release|Any CPU
	EndGlobalSection
	GlobalSection(SolutionProperties) = preSolution
		HideSolutionNode = FALSE
	EndGlobalSection
	GlobalSection(ExtensibilityGlobals) = postSolution
		SolutionGuid = {8F91C09E-D7F9-45E2-9C5E-888D864A5614}
	EndGlobalSection
EndGlobal
